
Microsoft Visual Studio Solution File, Format Version 12.00
# Visual Studio 15
VisualStudioVersion = 15.0.28307.168
MinimumVisualStudioVersion = 10.0.40219.1
Project("{8BC9CEB8-8B4A-11D0-8D11-00A0C91BC942}") = "softwarehw3", "softwarehw3\softwarehw3.vcxproj", "{8C74E126-C950-472D-A138-4BF1DBB65710}"
EndProject
Global
	GlobalSection(SolutionConfigurationPlatforms) = preSolution
		Debug|x64 = Debug|x64
		Debug|x86 = Debug|x86
		Release|x64 = Release|x64
		Release|x86 = Release|x86
	EndGlobalSection
	GlobalSection(ProjectConfigurationPlatforms) = postSolution
		{8C74E126-C950-472D-A138-4BF1DBB65710}.Debug|x64.ActiveCfg = Debug|x64
		{8C74E126-C950-472D-A138-4BF1DBB65710}.Debug|x64.Build.0 = Debug|x64
		{8C74E126-C950-472D-A138-4BF1DBB65710}.Debug|x86.ActiveCfg = Debug|Win32
		{8C74E126-C950-472D-A138-4BF1DBB65710}.Debug|x86.Build.0 = Debug|Win32
		{8C74E126-C950-472D-A138-4BF1DBB65710}.Release|x64.ActiveCfg = Release|x64
		{8C74E126-C950-472D-A138-4BF1DBB65710}.Release|x64.Build.0 = Release|x64
		{8C74E126-C950-472D-A138-4BF1DBB65710}.Release|x86.ActiveCfg = Release|Win32
		{8C74E126-C950-472D-A138-4BF1DBB65710}.Release|x86.Build.0 = Release|Win32
	EndGlobalSection
	GlobalSection(SolutionProperties) = preSolution
		HideSolutionNode = FALSE
	EndGlobalSection
	GlobalSection(ExtensibilityGlobals) = postSolution
		SolutionGuid = {8BF1DB60-26A4-45B2-8950-479967967793}
	EndGlobalSection
EndGlobal
